
Microsoft Visual Studio Solution File, Format Version 12.00
# Visual Studio Version 17
VisualStudioVersion = 17.12.35309.182
MinimumVisualStudioVersion = 10.0.40219.1
Project("{FAE04EC0-301F-11D3-BF4B-00C04F79EFBC}") = "TestAssessment_Moroz", "TestAssessment_Moroz\TestAssessment_Moroz.csproj", "{6EE8271A-B572-429E-A685-AD274694E3B9}"
EndProject
Global
	GlobalSection(SolutionConfigurationPlatforms) = preSolution
		Debug|Any CPU = Debug|Any CPU
		Release|Any CPU = Release|Any CPU
	EndGlobalSection
	GlobalSection(ProjectConfigurationPlatforms) = postSolution
		{6EE8271A-B572-429E-A685-AD274694E3B9}.Debug|Any CPU.ActiveCfg = Debug|Any CPU
		{6EE8271A-B572-429E-A685-AD274694E3B9}.Debug|Any CPU.Build.0 = Debug|Any CPU
		{6EE8271A-B572-429E-A685-AD274694E3B9}.Release|Any CPU.ActiveCfg = Release|Any CPU
		{6EE8271A-B572-429E-A685-AD274694E3B9}.Release|Any CPU.Build.0 = Release|Any CPU
	EndGlobalSection
	GlobalSection(SolutionProperties) = preSolution
		HideSolutionNode = FALSE
	EndGlobalSection
	GlobalSection(ExtensibilityGlobals) = postSolution
		SolutionGuid = {6E29AC1F-5F02-4E38-8247-737FC6FEEC08}
	EndGlobalSection
EndGlobal
